// !$*UTF8*$!
{
	archiveVersion = 1;
	classes = {
	};
	objectVersion = 77;
	objects = {

/* Begin PBXBuildFile section */
		44651B682DBFC7C900D8EDE2 /* LICENSE in Resources */ = {isa = PBXBuildFile; fileRef = 44651B672DBFC7C200D8EDE2 /* LICENSE */; };
		44651B6A2DBFC81F00D8EDE2 /* .gitignore in Resources */ = {isa = PBXBuildFile; fileRef = 44651B692DBFC81800D8EDE2 /* .gitignore */; };
		44651B6C2DBFC87F00D8EDE2 /* README.md in Resources */ = {isa = PBXBuildFile; fileRef = 44651B6B2DBFC87900D8EDE2 /* README.md */; };
		44E6A46E2DBF73650009500A /* BGSMM_DevKit in Frameworks */ = {isa = PBXBuildFile; productRef = 44E6A46D2DBF73650009500A /* BGSMM_DevKit */; };
/* End PBXBuildFile section */

/* Begin PBXContainerItemProxy section */
		44E6A44F2DBF730F0009500A /* PBXContainerItemProxy */ = {
			isa = PBXContainerItemProxy;
			containerPortal = 44E6A42F2DBF730D0009500A /* Project object */;
			proxyType = 1;
			remoteGlobalIDString = 44E6A4362DBF730D0009500A;
			remoteInfo = CyberSolitaire;
		};
		44E6A4592DBF73100009500A /* PBXContainerItemProxy */ = {
			isa = PBXContainerItemProxy;
			containerPortal = 44E6A42F2DBF730D0009500A /* Project object */;
			proxyType = 1;
			remoteGlobalIDString = 44E6A4362DBF730D0009500A;
			remoteInfo = CyberSolitaire;
		};
/* End PBXContainerItemProxy section */

/* Begin PBXFileReference section */
		44651B662DBFC49400D8EDE2 /* DevDocs */ = {isa = PBXFileReference; lastKnownFileType = folder; path = DevDocs; sourceTree = "<group>"; };
		44651B672DBFC7C200D8EDE2 /* LICENSE */ = {isa = PBXFileReference; lastKnownFileType = text; path = LICENSE; sourceTree = "<group>"; };
		44651B692DBFC81800D8EDE2 /* .gitignore */ = {isa = PBXFileReference; lastKnownFileType = text; path = .gitignore; sourceTree = "<group>"; };
		44651B6B2DBFC87900D8EDE2 /* README.md */ = {isa = PBXFileReference; lastKnownFileType = net.daringfireball.markdown; path = README.md; sourceTree = "<group>"; };
		44E6A4372DBF730D0009500A /* CyberSolitaire.app */ = {isa = PBXFileReference; explicitFileType = wrapper.application; includeInIndex = 0; path = CyberSolitaire.app; sourceTree = BUILT_PRODUCTS_DIR; };
		44E6A44E2DBF730F0009500A /* CyberSolitaireTests.xctest */ = {isa = PBXFileReference; explicitFileType = wrapper.cfbundle; includeInIndex = 0; path = CyberSolitaireTests.xctest; sourceTree = BUILT_PRODUCTS_DIR; };
		44E6A4582DBF73100009500A /* CyberSolitaireUITests.xctest */ = {isa = PBXFileReference; explicitFileType = wrapper.cfbundle; includeInIndex = 0; path = CyberSolitaireUITests.xctest; sourceTree = BUILT_PRODUCTS_DIR; };
/* End PBXFileReference section */

/* Begin PBXFileSystemSynchronizedBuildFileExceptionSet section */
		44E6A4602DBF73100009500A /* Exceptions for "CyberSolitaire" folder in "CyberSolitaire" target */ = {
			isa = PBXFileSystemSynchronizedBuildFileExceptionSet;
			membershipExceptions = (
				Info.plist,
			);
			target = 44E6A4362DBF730D0009500A /* CyberSolitaire */;
		};
/* End PBXFileSystemSynchronizedBuildFileExceptionSet section */

/* Begin PBXFileSystemSynchronizedRootGroup section */
		44E6A4392DBF730D0009500A /* CyberSolitaire */ = {
			isa = PBXFileSystemSynchronizedRootGroup;
			exceptions = (
				44E6A4602DBF73100009500A /* Exceptions for "CyberSolitaire" folder in "CyberSolitaire" target */,
			);
			path = CyberSolitaire;
			sourceTree = "<group>";
		};
		44E6A4512DBF730F0009500A /* CyberSolitaireTests */ = {
			isa = PBXFileSystemSynchronizedRootGroup;
			path = CyberSolitaireTests;
			sourceTree = "<group>";
		};
		44E6A45B2DBF73100009500A /* CyberSolitaireUITests */ = {
			isa = PBXFileSystemSynchronizedRootGroup;
			path = CyberSolitaireUITests;
			sourceTree = "<group>";
		};
/* End PBXFileSystemSynchronizedRootGroup section */

/* Begin PBXFrameworksBuildPhase section */
		44E6A4342DBF730D0009500A /* Frameworks */ = {
			isa = PBXFrameworksBuildPhase;
			buildActionMask = 2147483647;
			files = (
				44E6A46E2DBF73650009500A /* BGSMM_DevKit in Frameworks */,
			);
			runOnlyForDeploymentPostprocessing = 0;
		};
		44E6A44B2DBF730F0009500A /* Frameworks */ = {
			isa = PBXFrameworksBuildPhase;
			buildActionMask = 2147483647;
			files = (
			);
			runOnlyForDeploymentPostprocessing = 0;
		};
		44E6A4552DBF73100009500A /* Frameworks */ = {
			isa = PBXFrameworksBuildPhase;
			buildActionMask = 2147483647;
			files = (
			);
			runOnlyForDeploymentPostprocessing = 0;
		};
/* End PBXFrameworksBuildPhase section */

/* Begin PBXGroup section */
		44E6A42E2DBF730D0009500A = {
			isa = PBXGroup;
			children = (
				44651B692DBFC81800D8EDE2 /* .gitignore */,
				44651B672DBFC7C200D8EDE2 /* LICENSE */,
				44651B6B2DBFC87900D8EDE2 /* README.md */,
				44651B662DBFC49400D8EDE2 /* DevDocs */,
				44E6A4392DBF730D0009500A /* CyberSolitaire */,
				44E6A4512DBF730F0009500A /* CyberSolitaireTests */,
				44E6A45B2DBF73100009500A /* CyberSolitaireUITests */,
				44E6A4382DBF730D0009500A /* Products */,
			);
			sourceTree = "<group>";
		};
		44E6A4382DBF730D0009500A /* Products */ = {
			isa = PBXGroup;
			children = (
				44E6A4372DBF730D0009500A /* CyberSolitaire.app */,
				44E6A44E2DBF730F0009500A /* CyberSolitaireTests.xctest */,
				44E6A4582DBF73100009500A /* CyberSolitaireUITests.xctest */,
			);
			name = Products;
			sourceTree = "<group>";
		};
/* End PBXGroup section */

/* Begin PBXNativeTarget section */
		44E6A4362DBF730D0009500A /* CyberSolitaire */ = {
			isa = PBXNativeTarget;
			buildConfigurationList = 44E6A4612DBF73100009500A /* Build configuration list for PBXNativeTarget "CyberSolitaire" */;
			buildPhases = (
				44E6A4332DBF730D0009500A /* Sources */,
				44E6A4342DBF730D0009500A /* Frameworks */,
				44E6A4352DBF730D0009500A /* Resources */,
			);
			buildRules = (
			);
			dependencies = (
			);
			fileSystemSynchronizedGroups = (
				44E6A4392DBF730D0009500A /* CyberSolitaire */,
			);
			name = CyberSolitaire;
			packageProductDependencies = (
				44E6A46D2DBF73650009500A /* BGSMM_DevKit */,
			);
			productName = CyberSolitaire;
			productReference = 44E6A4372DBF730D0009500A /* CyberSolitaire.app */;
			productType = "com.apple.product-type.application";
		};
		44E6A44D2DBF730F0009500A /* CyberSolitaireTests */ = {
			isa = PBXNativeTarget;
			buildConfigurationList = 44E6A4662DBF73100009500A /* Build configuration list for PBXNativeTarget "CyberSolitaireTests" */;
			buildPhases = (
				44E6A44A2DBF730F0009500A /* Sources */,
				44E6A44B2DBF730F0009500A /* Frameworks */,
				44E6A44C2DBF730F0009500A /* Resources */,
			);
			buildRules = (
			);
			dependencies = (
				44E6A4502DBF730F0009500A /* PBXTargetDependency */,
			);
			fileSystemSynchronizedGroups = (
				44E6A4512DBF730F0009500A /* CyberSolitaireTests */,
			);
			name = CyberSolitaireTests;
			packageProductDependencies = (
			);
			productName = CyberSolitaireTests;
			productReference = 44E6A44E2DBF730F0009500A /* CyberSolitaireTests.xctest */;
			productType = "com.apple.product-type.bundle.unit-test";
		};
		44E6A4572DBF73100009500A /* CyberSolitaireUITests */ = {
			isa = PBXNativeTarget;
			buildConfigurationList = 44E6A4692DBF73100009500A /* Build configuration list for PBXNativeTarget "CyberSolitaireUITests" */;
			buildPhases = (
				44E6A4542DBF73100009500A /* Sources */,
				44E6A4552DBF73100009500A /* Frameworks */,
				44E6A4562DBF73100009500A /* Resources */,
			);
			buildRules = (
			);
			dependencies = (
				44E6A45A2DBF73100009500A /* PBXTargetDependency */,
			);
			fileSystemSynchronizedGroups = (
				44E6A45B2DBF73100009500A /* CyberSolitaireUITests */,
			);
			name = CyberSolitaireUITests;
			packageProductDependencies = (
			);
			productName = CyberSolitaireUITests;
			productReference = 44E6A4582DBF73100009500A /* CyberSolitaireUITests.xctest */;
			productType = "com.apple.product-type.bundle.ui-testing";
		};
/* End PBXNativeTarget section */

/* Begin PBXProject section */
		44E6A42F2DBF730D0009500A /* Project object */ = {
			isa = PBXProject;
			attributes = {
				BuildIndependentTargetsInParallel = 1;
				LastSwiftUpdateCheck = 1620;
				LastUpgradeCheck = 1620;
				TargetAttributes = {
					44E6A4362DBF730D0009500A = {
						CreatedOnToolsVersion = 16.2;
					};
					44E6A44D2DBF730F0009500A = {
						CreatedOnToolsVersion = 16.2;
						TestTargetID = 44E6A4362DBF730D0009500A;
					};
					44E6A4572DBF73100009500A = {
						CreatedOnToolsVersion = 16.2;
						TestTargetID = 44E6A4362DBF730D0009500A;
					};
				};
			};
			buildConfigurationList = 44E6A4322DBF730D0009500A /* Build configuration list for PBXProject "CyberSolitaire" */;
			developmentRegion = en;
			hasScannedForEncodings = 0;
			knownRegions = (
				en,
				Base,
			);
			mainGroup = 44E6A42E2DBF730D0009500A;
			minimizedProjectReferenceProxies = 1;
			packageReferences = (
				44E6A46C2DBF73650009500A /* XCLocalSwiftPackageReference "../BGSMM_DevKit" */,
			);
			preferredProjectObjectVersion = 77;
			productRefGroup = 44E6A4382DBF730D0009500A /* Products */;
			projectDirPath = "";
			projectRoot = "";
			targets = (
				44E6A4362DBF730D0009500A /* CyberSolitaire */,
				44E6A44D2DBF730F0009500A /* CyberSolitaireTests */,
				44E6A4572DBF73100009500A /* CyberSolitaireUITests */,
			);
		};
/* End PBXProject section */

/* Begin PBXResourcesBuildPhase section */
		44E6A4352DBF730D0009500A /* Resources */ = {
			isa = PBXResourcesBuildPhase;
			buildActionMask = 2147483647;
			files = (
				44651B6A2DBFC81F00D8EDE2 /* .gitignore in Resources */,
				44651B6C2DBFC87F00D8EDE2 /* README.md in Resources */,
				44651B682DBFC7C900D8EDE2 /* LICENSE in Resources */,
			);
			runOnlyForDeploymentPostprocessing = 0;
		};
		44E6A44C2DBF730F0009500A /* Resources */ = {
			isa = PBXResourcesBuildPhase;
			buildActionMask = 2147483647;
			files = (
			);
			runOnlyForDeploymentPostprocessing = 0;
		};
		44E6A4562DBF73100009500A /* Resources */ = {
			isa = PBXResourcesBuildPhase;
			buildActionMask = 2147483647;
			files = (
			);
			runOnlyForDeploymentPostprocessing = 0;
		};
/* End PBXResourcesBuildPhase section */

/* Begin PBXSourcesBuildPhase section */
		44E6A4332DBF730D0009500A /* Sources */ = {
			isa = PBXSourcesBuildPhase;
			buildActionMask = 2147483647;
			files = (
			);
			runOnlyForDeploymentPostprocessing = 0;
		};
		44E6A44A2DBF730F0009500A /* Sources */ = {
			isa = PBXSourcesBuildPhase;
			buildActionMask = 2147483647;
			files = (
			);
			runOnlyForDeploymentPostprocessing = 0;
		};
		44E6A4542DBF73100009500A /* Sources */ = {
			isa = PBXSourcesBuildPhase;
			buildActionMask = 2147483647;
			files = (
			);
			runOnlyForDeploymentPostprocessing = 0;
		};
/* End PBXSourcesBuildPhase section */

/* Begin PBXTargetDependency section */
		44E6A4502DBF730F0009500A /* PBXTargetDependency */ = {
			isa = PBXTargetDependency;
			target = 44E6A4362DBF730D0009500A /* CyberSolitaire */;
			targetProxy = 44E6A44F2DBF730F0009500A /* PBXContainerItemProxy */;
		};
		44E6A45A2DBF73100009500A /* PBXTargetDependency */ = {
			isa = PBXTargetDependency;
			target = 44E6A4362DBF730D0009500A /* CyberSolitaire */;
			targetProxy = 44E6A4592DBF73100009500A /* PBXContainerItemProxy */;
		};
/* End PBXTargetDependency section */

/* Begin XCBuildConfiguration section */
		44E6A4622DBF73100009500A /* Debug */ = {
			isa = XCBuildConfiguration;
			buildSettings = {
				ASSETCATALOG_COMPILER_APPICON_NAME = AppIcon;
				ASSETCATALOG_COMPILER_GLOBAL_ACCENT_COLOR_NAME = AccentColor;
				CODE_SIGN_ENTITLEMENTS = CyberSolitaire/CyberSolitaire.entitlements;
				CODE_SIGN_STYLE = Automatic;
				CURRENT_PROJECT_VERSION = 1;
				DEVELOPMENT_ASSET_PATHS = "\"CyberSolitaire/Preview Content\"";
				DEVELOPMENT_TEAM = 6S2SA26VAN;
				ENABLE_PREVIEWS = YES;
				GENERATE_INFOPLIST_FILE = YES;
				INFOPLIST_FILE = CyberSolitaire/Info.plist;
				INFOPLIST_KEY_LSApplicationCategoryType = "public.app-category.card-games";
				INFOPLIST_KEY_UIApplicationSceneManifest_Generation = YES;
				INFOPLIST_KEY_UIApplicationSupportsIndirectInputEvents = YES;
				INFOPLIST_KEY_UILaunchScreen_Generation = YES;
				INFOPLIST_KEY_UISupportedInterfaceOrientations_iPad = "UIInterfaceOrientationPortrait UIInterfaceOrientationPortraitUpsideDown UIInterfaceOrientationLandscapeLeft UIInterfaceOrientationLandscapeRight";
				INFOPLIST_KEY_UISupportedInterfaceOrientations_iPhone = "UIInterfaceOrientationPortrait UIInterfaceOrientationLandscapeLeft UIInterfaceOrientationLandscapeRight";
				IPHONEOS_DEPLOYMENT_TARGET = 16.6;
				LD_RUNPATH_SEARCH_PATHS = (
					"$(inherited)",
					"@executable_path/Frameworks",
				);
				MARKETING_VERSION = 1.0;
				PRODUCT_BUNDLE_IDENTIFIER = com.bgsmm.CyberSolitaire;
				PRODUCT_NAME = "$(TARGET_NAME)";
				SWIFT_EMIT_LOC_STRINGS = YES;
				SWIFT_VERSION = 5.0;
				TARGETED_DEVICE_FAMILY = "1,2";
			};
			name = Debug;
		};
		44E6A4632DBF73100009500A /* Release */ = {
			isa = XCBuildConfiguration;
			buildSettings = {
				ASSETCATALOG_COMPILER_APPICON_NAME = AppIcon;
				ASSETCATALOG_COMPILER_GLOBAL_ACCENT_COLOR_NAME = AccentColor;
				CODE_SIGN_ENTITLEMENTS = CyberSolitaire/CyberSolitaire.entitlements;
				CODE_SIGN_STYLE = Automatic;
				CURRENT_PROJECT_VERSION = 1;
				DEVELOPMENT_ASSET_PATHS = "\"CyberSolitaire/Preview Content\"";
				DEVELOPMENT_TEAM = 6S2SA26VAN;
				ENABLE_PREVIEWS = YES;
				GENERATE_INFOPLIST_FILE = YES;
				INFOPLIST_FILE = CyberSolitaire/Info.plist;
				INFOPLIST_KEY_LSApplicationCategoryType = "public.app-category.card-games";
				INFOPLIST_KEY_UIApplicationSceneManifest_Generation = YES;
				INFOPLIST_KEY_UIApplicationSupportsIndirectInputEvents = YES;
				INFOPLIST_KEY_UILaunchScreen_Generation = YES;
				INFOPLIST_KEY_UISupportedInterfaceOrientations_iPad = "UIInterfaceOrientationPortrait UIInterfaceOrientationPortraitUpsideDown UIInterfaceOrientationLandscapeLeft UIInterfaceOrientationLandscapeRight";
				INFOPLIST_KEY_UISupportedInterfaceOrientations_iPhone = "UIInterfaceOrientationPortrait UIInterfaceOrientationLandscapeLeft UIInterfaceOrientationLandscapeRight";
				IPHONEOS_DEPLOYMENT_TARGET = 16.6;
				LD_RUNPATH_SEARCH_PATHS = (
					"$(inherited)",
					"@executable_path/Frameworks",
				);
				MARKETING_VERSION = 1.0;
				PRODUCT_BUNDLE_IDENTIFIER = com.bgsmm.CyberSolitaire;
				PRODUCT_NAME = "$(TARGET_NAME)";
				SWIFT_EMIT_LOC_STRINGS = YES;
				SWIFT_VERSION = 5.0;
				TARGETED_DEVICE_FAMILY = "1,2";
			};
			name = Release;
		};
		44E6A4642DBF73100009500A /* Debug */ = {
			isa = XCBuildConfiguration;
			buildSettings = {
				ALWAYS_SEARCH_USER_PATHS = NO;
				ASSETCATALOG_COMPILER_GENERATE_SWIFT_ASSET_SYMBOL_EXTENSIONS = YES;
				CLANG_ANALYZER_NONNULL = YES;
				CLANG_ANALYZER_NUMBER_OBJECT_CONVERSION = YES_AGGRESSIVE;
				CLANG_CXX_LANGUAGE_STANDARD = "gnu++20";
				CLANG_ENABLE_MODULES = YES;
				CLANG_ENABLE_OBJC_ARC = YES;
				CLANG_ENABLE_OBJC_WEAK = YES;
				CLANG_WARN_BLOCK_CAPTURE_AUTORELEASING = YES;
				CLANG_WARN_BOOL_CONVERSION = YES;
				CLANG_WARN_COMMA = YES;
				CLANG_WARN_CONSTANT_CONVERSION = YES;
				CLANG_WARN_DEPRECATED_OBJC_IMPLEMENTATIONS = YES;
				CLANG_WARN_DIRECT_OBJC_ISA_USAGE = YES_ERROR;
				CLANG_WARN_DOCUMENTATION_COMMENTS = YES;
				CLANG_WARN_EMPTY_BODY = YES;
				CLANG_WARN_ENUM_CONVERSION = YES;
				CLANG_WARN_INFINITE_RECURSION = YES;
				CLANG_WARN_INT_CONVERSION = YES;
				CLANG_WARN_NON_LITERAL_NULL_CONVERSION = YES;
				CLANG_WARN_OBJC_IMPLICIT_RETAIN_SELF = YES;
				CLANG_WARN_OBJC_LITERAL_CONVERSION = YES;
				CLANG_WARN_OBJC_ROOT_CLASS = YES_ERROR;
				CLANG_WARN_QUOTED_INCLUDE_IN_FRAMEWORK_HEADER = YES;
				CLANG_WARN_RANGE_LOOP_ANALYSIS = YES;
				CLANG_WARN_STRICT_PROTOTYPES = YES;
				CLANG_WARN_SUSPICIOUS_MOVE = YES;
				CLANG_WARN_UNGUARDED_AVAILABILITY = YES_AGGRESSIVE;
				CLANG_WARN_UNREACHABLE_CODE = YES;
				CLANG_WARN__DUPLICATE_METHOD_MATCH = YES;
				COPY_PHASE_STRIP = NO;
				DEBUG_INFORMATION_FORMAT = dwarf;
				ENABLE_STRICT_OBJC_MSGSEND = YES;
				ENABLE_TESTABILITY = YES;
				ENABLE_USER_SCRIPT_SANDBOXING = YES;
				GCC_C_LANGUAGE_STANDARD = gnu17;
				GCC_DYNAMIC_NO_PIC = NO;
				GCC_NO_COMMON_BLOCKS = YES;
				GCC_OPTIMIZATION_LEVEL = 0;
				GCC_PREPROCESSOR_DEFINITIONS = (
					"DEBUG=1",
					"$(inherited)",
				);
				GCC_WARN_64_TO_32_BIT_CONVERSION = YES;
				GCC_WARN_ABOUT_RETURN_TYPE = YES_ERROR;
				GCC_WARN_UNDECLARED_SELECTOR = YES;
				GCC_WARN_UNINITIALIZED_AUTOS = YES_AGGRESSIVE;
				GCC_WARN_UNUSED_FUNCTION = YES;
				GCC_WARN_UNUSED_VARIABLE = YES;
				IPHONEOS_DEPLOYMENT_TARGET = 18.2;
				LOCALIZATION_PREFERS_STRING_CATALOGS = YES;
				MTL_ENABLE_DEBUG_INFO = INCLUDE_SOURCE;
				MTL_FAST_MATH = YES;
				ONLY_ACTIVE_ARCH = YES;
				SDKROOT = iphoneos;
				SWIFT_ACTIVE_COMPILATION_CONDITIONS = "DEBUG $(inherited)";
				SWIFT_OPTIMIZATION_LEVEL = "-Onone";
			};
			name = Debug;
		};
		44E6A4652DBF73100009500A /* Release */ = {
			isa = XCBuildConfiguration;
			buildSettings = {
				ALWAYS_SEARCH_USER_PATHS = NO;
				ASSETCATALOG_COMPILER_GENERATE_SWIFT_ASSET_SYMBOL_EXTENSIONS = YES;
				CLANG_ANALYZER_NONNULL = YES;
				CLANG_ANALYZER_NUMBER_OBJECT_CONVERSION = YES_AGGRESSIVE;
				CLANG_CXX_LANGUAGE_STANDARD = "gnu++20";
				CLANG_ENABLE_MODULES = YES;
				CLANG_ENABLE_OBJC_ARC = YES;
				CLANG_ENABLE_OBJC_WEAK = YES;
				CLANG_WARN_BLOCK_CAPTURE_AUTORELEASING = YES;
				CLANG_WARN_BOOL_CONVERSION = YES;
				CLANG_WARN_COMMA = YES;
				CLANG_WARN_CONSTANT_CONVERSION = YES;
				CLANG_WARN_DEPRECATED_OBJC_IMPLEMENTATIONS = YES;
				CLANG_WARN_DIRECT_OBJC_ISA_USAGE = YES_ERROR;
				CLANG_WARN_DOCUMENTATION_COMMENTS = YES;
				CLANG_WARN_EMPTY_BODY = YES;
				CLANG_WARN_ENUM_CONVERSION = YES;
				CLANG_WARN_INFINITE_RECURSION = YES;
				CLANG_WARN_INT_CONVERSION = YES;
				CLANG_WARN_NON_LITERAL_NULL_CONVERSION = YES;
				CLANG_WARN_OBJC_IMPLICIT_RETAIN_SELF = YES;
				CLANG_WARN_OBJC_LITERAL_CONVERSION = YES;
				CLANG_WARN_OBJC_ROOT_CLASS = YES_ERROR;
				CLANG_WARN_QUOTED_INCLUDE_IN_FRAMEWORK_HEADER = YES;
				CLANG_WARN_RANGE_LOOP_ANALYSIS = YES;
				CLANG_WARN_STRICT_PROTOTYPES = YES;
				CLANG_WARN_SUSPICIOUS_MOVE = YES;
				CLANG_WARN_UNGUARDED_AVAILABILITY = YES_AGGRESSIVE;
				CLANG_WARN_UNREACHABLE_CODE = YES;
				CLANG_WARN__DUPLICATE_METHOD_MATCH = YES;
				COPY_PHASE_STRIP = NO;
				DEBUG_INFORMATION_FORMAT = "dwarf-with-dsym";
				ENABLE_NS_ASSERTIONS = NO;
				ENABLE_STRICT_OBJC_MSGSEND = YES;
				ENABLE_USER_SCRIPT_SANDBOXING = YES;
				GCC_C_LANGUAGE_STANDARD = gnu17;
				GCC_NO_COMMON_BLOCKS = YES;
				GCC_WARN_64_TO_32_BIT_CONVERSION = YES;
				GCC_WARN_ABOUT_RETURN_TYPE = YES_ERROR;
				GCC_WARN_UNDECLARED_SELECTOR = YES;
				GCC_WARN_UNINITIALIZED_AUTOS = YES_AGGRESSIVE;
				GCC_WARN_UNUSED_FUNCTION = YES;
				GCC_WARN_UNUSED_VARIABLE = YES;
				IPHONEOS_DEPLOYMENT_TARGET = 18.2;
				LOCALIZATION_PREFERS_STRING_CATALOGS = YES;
				MTL_ENABLE_DEBUG_INFO = NO;
				MTL_FAST_MATH = YES;
				SDKROOT = iphoneos;
				SWIFT_COMPILATION_MODE = wholemodule;
				VALIDATE_PRODUCT = YES;
			};
			name = Release;
		};
		44E6A4672DBF73100009500A /* Debug */ = {
			isa = XCBuildConfiguration;
			buildSettings = {
				BUNDLE_LOADER = "$(TEST_HOST)";
				CODE_SIGN_STYLE = Automatic;
				CURRENT_PROJECT_VERSION = 1;
				DEVELOPMENT_TEAM = 6S2SA26VAN;
				GENERATE_INFOPLIST_FILE = YES;
				IPHONEOS_DEPLOYMENT_TARGET = 18.2;
				MARKETING_VERSION = 1.0;
				PRODUCT_BUNDLE_IDENTIFIER = com.bgsmm.CyberSolitaireTests;
				PRODUCT_NAME = "$(TARGET_NAME)";
				SWIFT_EMIT_LOC_STRINGS = NO;
				SWIFT_VERSION = 5.0;
				TARGETED_DEVICE_FAMILY = "1,2";
				TEST_HOST = "$(BUILT_PRODUCTS_DIR)/CyberSolitaire.app/$(BUNDLE_EXECUTABLE_FOLDER_PATH)/CyberSolitaire";
			};
			name = Debug;
		};
		44E6A4682DBF73100009500A /* Release */ = {
			isa = XCBuildConfiguration;
			buildSettings = {
				BUNDLE_LOADER = "$(TEST_HOST)";
				CODE_SIGN_STYLE = Automatic;
				CURRENT_PROJECT_VERSION = 1;
				DEVELOPMENT_TEAM = 6S2SA26VAN;
				GENERATE_INFOPLIST_FILE = YES;
				IPHONEOS_DEPLOYMENT_TARGET = 18.2;
				MARKETING_VERSION = 1.0;
				PRODUCT_BUNDLE_IDENTIFIER = com.bgsmm.CyberSolitaireTests;
				PRODUCT_NAME = "$(TARGET_NAME)";
				SWIFT_EMIT_LOC_STRINGS = NO;
				SWIFT_VERSION = 5.0;
				TARGETED_DEVICE_FAMILY = "1,2";
				TEST_HOST = "$(BUILT_PRODUCTS_DIR)/CyberSolitaire.app/$(BUNDLE_EXECUTABLE_FOLDER_PATH)/CyberSolitaire";
			};
			name = Release;
		};
		44E6A46A2DBF73100009500A /* Debug */ = {
			isa = XCBuildConfiguration;
			buildSettings = {
				CODE_SIGN_STYLE = Automatic;
				CURRENT_PROJECT_VERSION = 1;
				DEVELOPMENT_TEAM = 6S2SA26VAN;
				GENERATE_INFOPLIST_FILE = YES;
				MARKETING_VERSION = 1.0;
				PRODUCT_BUNDLE_IDENTIFIER = com.bgsmm.CyberSolitaireUITests;
				PRODUCT_NAME = "$(TARGET_NAME)";
				SWIFT_EMIT_LOC_STRINGS = NO;
				SWIFT_VERSION = 5.0;
				TARGETED_DEVICE_FAMILY = "1,2";
				TEST_TARGET_NAME = CyberSolitaire;
			};
			name = Debug;
		};
		44E6A46B2DBF73100009500A /* Release */ = {
			isa = XCBuildConfiguration;
			buildSettings = {
				CODE_SIGN_STYLE = Automatic;
				CURRENT_PROJECT_VERSION = 1;
				DEVELOPMENT_TEAM = 6S2SA26VAN;
				GENERATE_INFOPLIST_FILE = YES;
				MARKETING_VERSION = 1.0;
				PRODUCT_BUNDLE_IDENTIFIER = com.bgsmm.CyberSolitaireUITests;
				PRODUCT_NAME = "$(TARGET_NAME)";
				SWIFT_EMIT_LOC_STRINGS = NO;
				SWIFT_VERSION = 5.0;
				TARGETED_DEVICE_FAMILY = "1,2";
				TEST_TARGET_NAME = CyberSolitaire;
			};
			name = Release;
		};
/* End XCBuildConfiguration section */

/* Begin XCConfigurationList section */
		44E6A4322DBF730D0009500A /* Build configuration list for PBXProject "CyberSolitaire" */ = {
			isa = XCConfigurationList;
			buildConfigurations = (
				44E6A4642DBF73100009500A /* Debug */,
				44E6A4652DBF73100009500A /* Release */,
			);
			defaultConfigurationIsVisible = 0;
			defaultConfigurationName = Release;
		};
		44E6A4612DBF73100009500A /* Build configuration list for PBXNativeTarget "CyberSolitaire" */ = {
			isa = XCConfigurationList;
			buildConfigurations = (
				44E6A4622DBF73100009500A /* Debug */,
				44E6A4632DBF73100009500A /* Release */,
			);
			defaultConfigurationIsVisible = 0;
			defaultConfigurationName = Release;
		};
		44E6A4662DBF73100009500A /* Build configuration list for PBXNativeTarget "CyberSolitaireTests" */ = {
			isa = XCConfigurationList;
			buildConfigurations = (
				44E6A4672DBF73100009500A /* Debug */,
				44E6A4682DBF73100009500A /* Release */,
			);
			defaultConfigurationIsVisible = 0;
			defaultConfigurationName = Release;
		};
		44E6A4692DBF73100009500A /* Build configuration list for PBXNativeTarget "CyberSolitaireUITests" */ = {
			isa = XCConfigurationList;
			buildConfigurations = (
				44E6A46A2DBF73100009500A /* Debug */,
				44E6A46B2DBF73100009500A /* Release */,
			);
			defaultConfigurationIsVisible = 0;
			defaultConfigurationName = Release;
		};
/* End XCConfigurationList section */

/* Begin XCLocalSwiftPackageReference section */
		44E6A46C2DBF73650009500A /* XCLocalSwiftPackageReference "../BGSMM_DevKit" */ = {
			isa = XCLocalSwiftPackageReference;
			relativePath = ../BGSMM_DevKit;
		};
/* End XCLocalSwiftPackageReference section */

/* Begin XCSwiftPackageProductDependency section */
		44E6A46D2DBF73650009500A /* BGSMM_DevKit */ = {
			isa = XCSwiftPackageProductDependency;
			productName = BGSMM_DevKit;
		};
/* End XCSwiftPackageProductDependency section */
	};
	rootObject = 44E6A42F2DBF730D0009500A /* Project object */;
}
